// !$*UTF8*$!
{
	archiveVersion = 1;
	classes = {
	};
	objectVersion = 77;
	objects = {

/* Begin PBXBuildFile section */
		D8328A802DEAABBC00C9B2F0 /* MCPClient in Frameworks */ = {isa = PBXBuildFile; productRef = D8328A7F2DEAABBC00C9B2F0 /* MCPClient */; };
/* End PBXBuildFile section */

/* Begin PBXContainerItemProxy section */
		D8B2BD762DEAA89000BCDB0E /* PBXContainerItemProxy */ = {
			isa = PBXContainerItemProxy;
			containerPortal = D8B2BD5D2DEAA88E00BCDB0E /* Project object */;
			proxyType = 1;
			remoteGlobalIDString = D8B2BD642DEAA88E00BCDB0E;
			remoteInfo = "48 Continental";
		};
		D8B2BD802DEAA89000BCDB0E /* PBXContainerItemProxy */ = {
			isa = PBXContainerItemProxy;
			containerPortal = D8B2BD5D2DEAA88E00BCDB0E /* Project object */;
			proxyType = 1;
			remoteGlobalIDString = D8B2BD642DEAA88E00BCDB0E;
			remoteInfo = "48 Continental";
		};
/* End PBXContainerItemProxy section */

/* Begin PBXFileReference section */
		D8B2BD652DEAA88E00BCDB0E /* 48 Continental.app */ = {isa = PBXFileReference; explicitFileType = wrapper.application; includeInIndex = 0; path = "48 Continental.app"; sourceTree = BUILT_PRODUCTS_DIR; };
		D8B2BD752DEAA89000BCDB0E /* 48 ContinentalTests.xctest */ = {isa = PBXFileReference; explicitFileType = wrapper.cfbundle; includeInIndex = 0; path = "48 ContinentalTests.xctest"; sourceTree = BUILT_PRODUCTS_DIR; };
		D8B2BD7F2DEAA89000BCDB0E /* 48 ContinentalUITests.xctest */ = {isa = PBXFileReference; explicitFileType = wrapper.cfbundle; includeInIndex = 0; path = "48 ContinentalUITests.xctest"; sourceTree = BUILT_PRODUCTS_DIR; };
/* End PBXFileReference section */

/* Begin PBXFileSystemSynchronizedRootGroup section */
		D8B2BD672DEAA88E00BCDB0E /* 48 Continental */ = {
			isa = PBXFileSystemSynchronizedRootGroup;
			path = "48 Continental";
			sourceTree = "<group>";
		};
		D8B2BD782DEAA89000BCDB0E /* 48 ContinentalTests */ = {
			isa = PBXFileSystemSynchronizedRootGroup;
			path = "48 ContinentalTests";
			sourceTree = "<group>";
		};
		D8B2BD822DEAA89000BCDB0E /* 48 ContinentalUITests */ = {
			isa = PBXFileSystemSynchronizedRootGroup;
			path = "48 ContinentalUITests";
			sourceTree = "<group>";
		};
/* End PBXFileSystemSynchronizedRootGroup section */

/* Begin PBXFrameworksBuildPhase section */
		D8B2BD622DEAA88E00BCDB0E /* Frameworks */ = {
			isa = PBXFrameworksBuildPhase;
			buildActionMask = 2147483647;
			files = (
				D8328A802DEAABBC00C9B2F0 /* MCPClient in Frameworks */,
			);
			runOnlyForDeploymentPostprocessing = 0;
		};
		D8B2BD722DEAA89000BCDB0E /* Frameworks */ = {
			isa = PBXFrameworksBuildPhase;
			buildActionMask = 2147483647;
			files = (
			);
			runOnlyForDeploymentPostprocessing = 0;
		};
		D8B2BD7C2DEAA89000BCDB0E /* Frameworks */ = {
			isa = PBXFrameworksBuildPhase;
			buildActionMask = 2147483647;
			files = (
			);
			runOnlyForDeploymentPostprocessing = 0;
		};
/* End PBXFrameworksBuildPhase section */

/* Begin PBXGroup section */
		D8B2BD5C2DEAA88E00BCDB0E = {
			isa = PBXGroup;
			children = (
				D8B2BD672DEAA88E00BCDB0E /* 48 Continental */,
				D8B2BD782DEAA89000BCDB0E /* 48 ContinentalTests */,
				D8B2BD822DEAA89000BCDB0E /* 48 ContinentalUITests */,
				D8B2BD662DEAA88E00BCDB0E /* Products */,
			);
			sourceTree = "<group>";
		};
		D8B2BD662DEAA88E00BCDB0E /* Products */ = {
			isa = PBXGroup;
			children = (
				D8B2BD652DEAA88E00BCDB0E /* 48 Continental.app */,
				D8B2BD752DEAA89000BCDB0E /* 48 ContinentalTests.xctest */,
				D8B2BD7F2DEAA89000BCDB0E /* 48 ContinentalUITests.xctest */,
			);
			name = Products;
			sourceTree = "<group>";
		};
/* End PBXGroup section */

/* Begin PBXNativeTarget section */
		D8B2BD642DEAA88E00BCDB0E /* 48 Continental */ = {
			isa = PBXNativeTarget;
			buildConfigurationList = D8B2BD892DEAA89000BCDB0E /* Build configuration list for PBXNativeTarget "48 Continental" */;
			buildPhases = (
				D8B2BD612DEAA88E00BCDB0E /* Sources */,
				D8B2BD622DEAA88E00BCDB0E /* Frameworks */,
				D8B2BD632DEAA88E00BCDB0E /* Resources */,
			);
			buildRules = (
			);
			dependencies = (
			);
			fileSystemSynchronizedGroups = (
				D8B2BD672DEAA88E00BCDB0E /* 48 Continental */,
			);
			name = "48 Continental";
			packageProductDependencies = (
				D8328A7F2DEAABBC00C9B2F0 /* MCPClient */,
			);
			productName = "48 Continental";
			productReference = D8B2BD652DEAA88E00BCDB0E /* 48 Continental.app */;
			productType = "com.apple.product-type.application";
		};
		D8B2BD742DEAA89000BCDB0E /* 48 ContinentalTests */ = {
			isa = PBXNativeTarget;
			buildConfigurationList = D8B2BD8C2DEAA89000BCDB0E /* Build configuration list for PBXNativeTarget "48 ContinentalTests" */;
			buildPhases = (
				D8B2BD712DEAA89000BCDB0E /* Sources */,
				D8B2BD722DEAA89000BCDB0E /* Frameworks */,
				D8B2BD732DEAA89000BCDB0E /* Resources */,
			);
			buildRules = (
			);
			dependencies = (
				D8B2BD772DEAA89000BCDB0E /* PBXTargetDependency */,
			);
			fileSystemSynchronizedGroups = (
				D8B2BD782DEAA89000BCDB0E /* 48 ContinentalTests */,
			);
			name = "48 ContinentalTests";
			packageProductDependencies = (
			);
			productName = "48 ContinentalTests";
			productReference = D8B2BD752DEAA89000BCDB0E /* 48 ContinentalTests.xctest */;
			productType = "com.apple.product-type.bundle.unit-test";
		};
		D8B2BD7E2DEAA89000BCDB0E /* 48 ContinentalUITests */ = {
			isa = PBXNativeTarget;
			buildConfigurationList = D8B2BD8F2DEAA89000BCDB0E /* Build configuration list for PBXNativeTarget "48 ContinentalUITests" */;
			buildPhases = (
				D8B2BD7B2DEAA89000BCDB0E /* Sources */,
				D8B2BD7C2DEAA89000BCDB0E /* Frameworks */,
				D8B2BD7D2DEAA89000BCDB0E /* Resources */,
			);
			buildRules = (
			);
			dependencies = (
				D8B2BD812DEAA89000BCDB0E /* PBXTargetDependency */,
			);
			fileSystemSynchronizedGroups = (
				D8B2BD822DEAA89000BCDB0E /* 48 ContinentalUITests */,
			);
			name = "48 ContinentalUITests";
			packageProductDependencies = (
			);
			productName = "48 ContinentalUITests";
			productReference = D8B2BD7F2DEAA89000BCDB0E /* 48 ContinentalUITests.xctest */;
			productType = "com.apple.product-type.bundle.ui-testing";
		};
/* End PBXNativeTarget section */

/* Begin PBXProject section */
		D8B2BD5D2DEAA88E00BCDB0E /* Project object */ = {
			isa = PBXProject;
			attributes = {
				BuildIndependentTargetsInParallel = 1;
				LastSwiftUpdateCheck = 1640;
				LastUpgradeCheck = 1640;
				TargetAttributes = {
					D8B2BD642DEAA88E00BCDB0E = {
						CreatedOnToolsVersion = 16.4;
					};
					D8B2BD742DEAA89000BCDB0E = {
						CreatedOnToolsVersion = 16.4;
						TestTargetID = D8B2BD642DEAA88E00BCDB0E;
					};
					D8B2BD7E2DEAA89000BCDB0E = {
						CreatedOnToolsVersion = 16.4;
						TestTargetID = D8B2BD642DEAA88E00BCDB0E;
					};
				};
			};
			buildConfigurationList = D8B2BD602DEAA88E00BCDB0E /* Build configuration list for PBXProject "48 Continental" */;
			developmentRegion = en;
			hasScannedForEncodings = 0;
			knownRegions = (
				en,
				Base,
			);
			mainGroup = D8B2BD5C2DEAA88E00BCDB0E;
			minimizedProjectReferenceProxies = 1;
			packageReferences = (
				D8328A7E2DEAABBC00C9B2F0 /* XCLocalSwiftPackageReference "../ios-client" */,
			);
			preferredProjectObjectVersion = 77;
			productRefGroup = D8B2BD662DEAA88E00BCDB0E /* Products */;
			projectDirPath = "";
			projectRoot = "";
			targets = (
				D8B2BD642DEAA88E00BCDB0E /* 48 Continental */,
				D8B2BD742DEAA89000BCDB0E /* 48 ContinentalTests */,
				D8B2BD7E2DEAA89000BCDB0E /* 48 ContinentalUITests */,
			);
		};
/* End PBXProject section */

/* Begin PBXResourcesBuildPhase section */
		D8B2BD632DEAA88E00BCDB0E /* Resources */ = {
			isa = PBXResourcesBuildPhase;
			buildActionMask = 2147483647;
			files = (
			);
			runOnlyForDeploymentPostprocessing = 0;
		};
		D8B2BD732DEAA89000BCDB0E /* Resources */ = {
			isa = PBXResourcesBuildPhase;
			buildActionMask = 2147483647;
			files = (
			);
			runOnlyForDeploymentPostprocessing = 0;
		};
		D8B2BD7D2DEAA89000BCDB0E /* Resources */ = {
			isa = PBXResourcesBuildPhase;
			buildActionMask = 2147483647;
			files = (
			);
			runOnlyForDeploymentPostprocessing = 0;
		};
/* End PBXResourcesBuildPhase section */

/* Begin PBXSourcesBuildPhase section */
		D8B2BD612DEAA88E00BCDB0E /* Sources */ = {
			isa = PBXSourcesBuildPhase;
			buildActionMask = 2147483647;
			files = (
			);
			runOnlyForDeploymentPostprocessing = 0;
		};
		D8B2BD712DEAA89000BCDB0E /* Sources */ = {
			isa = PBXSourcesBuildPhase;
			buildActionMask = 2147483647;
			files = (
			);
			runOnlyForDeploymentPostprocessing = 0;
		};
		D8B2BD7B2DEAA89000BCDB0E /* Sources */ = {
			isa = PBXSourcesBuildPhase;
			buildActionMask = 2147483647;
			files = (
			);
			runOnlyForDeploymentPostprocessing = 0;
		};
/* End PBXSourcesBuildPhase section */

/* Begin PBXTargetDependency section */
		D8B2BD772DEAA89000BCDB0E /* PBXTargetDependency */ = {
			isa = PBXTargetDependency;
			target = D8B2BD642DEAA88E00BCDB0E /* 48 Continental */;
			targetProxy = D8B2BD762DEAA89000BCDB0E /* PBXContainerItemProxy */;
		};
		D8B2BD812DEAA89000BCDB0E /* PBXTargetDependency */ = {
			isa = PBXTargetDependency;
			target = D8B2BD642DEAA88E00BCDB0E /* 48 Continental */;
			targetProxy = D8B2BD802DEAA89000BCDB0E /* PBXContainerItemProxy */;
		};
/* End PBXTargetDependency section */

/* Begin XCBuildConfiguration section */
		D8B2BD872DEAA89000BCDB0E /* Debug */ = {
			isa = XCBuildConfiguration;
			buildSettings = {
				ALWAYS_SEARCH_USER_PATHS = NO;
				ASSETCATALOG_COMPILER_GENERATE_SWIFT_ASSET_SYMBOL_EXTENSIONS = YES;
				CLANG_ANALYZER_NONNULL = YES;
				CLANG_ANALYZER_NUMBER_OBJECT_CONVERSION = YES_AGGRESSIVE;
				CLANG_CXX_LANGUAGE_STANDARD = "gnu++20";
				CLANG_ENABLE_MODULES = YES;
				CLANG_ENABLE_OBJC_ARC = YES;
				CLANG_ENABLE_OBJC_WEAK = YES;
				CLANG_WARN_BLOCK_CAPTURE_AUTORELEASING = YES;
				CLANG_WARN_BOOL_CONVERSION = YES;
				CLANG_WARN_COMMA = YES;
				CLANG_WARN_CONSTANT_CONVERSION = YES;
				CLANG_WARN_DEPRECATED_OBJC_IMPLEMENTATIONS = YES;
				CLANG_WARN_DIRECT_OBJC_ISA_USAGE = YES_ERROR;
				CLANG_WARN_DOCUMENTATION_COMMENTS = YES;
				CLANG_WARN_EMPTY_BODY = YES;
				CLANG_WARN_ENUM_CONVERSION = YES;
				CLANG_WARN_INFINITE_RECURSION = YES;
				CLANG_WARN_INT_CONVERSION = YES;
				CLANG_WARN_NON_LITERAL_NULL_CONVERSION = YES;
				CLANG_WARN_OBJC_IMPLICIT_RETAIN_SELF = YES;
				CLANG_WARN_OBJC_LITERAL_CONVERSION = YES;
				CLANG_WARN_OBJC_ROOT_CLASS = YES_ERROR;
				CLANG_WARN_QUOTED_INCLUDE_IN_FRAMEWORK_HEADER = YES;
				CLANG_WARN_RANGE_LOOP_ANALYSIS = YES;
				CLANG_WARN_STRICT_PROTOTYPES = YES;
				CLANG_WARN_SUSPICIOUS_MOVE = YES;
				CLANG_WARN_UNGUARDED_AVAILABILITY = YES_AGGRESSIVE;
				CLANG_WARN_UNREACHABLE_CODE = YES;
				CLANG_WARN__DUPLICATE_METHOD_MATCH = YES;
				COPY_PHASE_STRIP = NO;
				DEBUG_INFORMATION_FORMAT = dwarf;
				DEVELOPMENT_TEAM = 5NFTMZ8WKL;
				ENABLE_STRICT_OBJC_MSGSEND = YES;
				ENABLE_TESTABILITY = YES;
				ENABLE_USER_SCRIPT_SANDBOXING = YES;
				GCC_C_LANGUAGE_STANDARD = gnu17;
				GCC_DYNAMIC_NO_PIC = NO;
				GCC_NO_COMMON_BLOCKS = YES;
				GCC_OPTIMIZATION_LEVEL = 0;
				GCC_PREPROCESSOR_DEFINITIONS = (
					"DEBUG=1",
					"$(inherited)",
				);
				GCC_WARN_64_TO_32_BIT_CONVERSION = YES;
				GCC_WARN_ABOUT_RETURN_TYPE = YES_ERROR;
				GCC_WARN_UNDECLARED_SELECTOR = YES;
				GCC_WARN_UNINITIALIZED_AUTOS = YES_AGGRESSIVE;
				GCC_WARN_UNUSED_FUNCTION = YES;
				GCC_WARN_UNUSED_VARIABLE = YES;
				LOCALIZATION_PREFERS_STRING_CATALOGS = YES;
				MTL_ENABLE_DEBUG_INFO = INCLUDE_SOURCE;
				MTL_FAST_MATH = YES;
				ONLY_ACTIVE_ARCH = YES;
				SWIFT_ACTIVE_COMPILATION_CONDITIONS = "DEBUG $(inherited)";
				SWIFT_OPTIMIZATION_LEVEL = "-Onone";
			};
			name = Debug;
		};
		D8B2BD882DEAA89000BCDB0E /* Release */ = {
			isa = XCBuildConfiguration;
			buildSettings = {
				ALWAYS_SEARCH_USER_PATHS = NO;
				ASSETCATALOG_COMPILER_GENERATE_SWIFT_ASSET_SYMBOL_EXTENSIONS = YES;
				CLANG_ANALYZER_NONNULL = YES;
				CLANG_ANALYZER_NUMBER_OBJECT_CONVERSION = YES_AGGRESSIVE;
				CLANG_CXX_LANGUAGE_STANDARD = "gnu++20";
				CLANG_ENABLE_MODULES = YES;
				CLANG_ENABLE_OBJC_ARC = YES;
				CLANG_ENABLE_OBJC_WEAK = YES;
				CLANG_WARN_BLOCK_CAPTURE_AUTORELEASING = YES;
				CLANG_WARN_BOOL_CONVERSION = YES;
				CLANG_WARN_COMMA = YES;
				CLANG_WARN_CONSTANT_CONVERSION = YES;
				CLANG_WARN_DEPRECATED_OBJC_IMPLEMENTATIONS = YES;
				CLANG_WARN_DIRECT_OBJC_ISA_USAGE = YES_ERROR;
				CLANG_WARN_DOCUMENTATION_COMMENTS = YES;
				CLANG_WARN_EMPTY_BODY = YES;
				CLANG_WARN_ENUM_CONVERSION = YES;
				CLANG_WARN_INFINITE_RECURSION = YES;
				CLANG_WARN_INT_CONVERSION = YES;
				CLANG_WARN_NON_LITERAL_NULL_CONVERSION = YES;
				CLANG_WARN_OBJC_IMPLICIT_RETAIN_SELF = YES;
				CLANG_WARN_OBJC_LITERAL_CONVERSION = YES;
				CLANG_WARN_OBJC_ROOT_CLASS = YES_ERROR;
				CLANG_WARN_QUOTED_INCLUDE_IN_FRAMEWORK_HEADER = YES;
				CLANG_WARN_RANGE_LOOP_ANALYSIS = YES;
				CLANG_WARN_STRICT_PROTOTYPES = YES;
				CLANG_WARN_SUSPICIOUS_MOVE = YES;
				CLANG_WARN_UNGUARDED_AVAILABILITY = YES_AGGRESSIVE;
				CLANG_WARN_UNREACHABLE_CODE = YES;
				CLANG_WARN__DUPLICATE_METHOD_MATCH = YES;
				COPY_PHASE_STRIP = NO;
				DEBUG_INFORMATION_FORMAT = "dwarf-with-dsym";
				DEVELOPMENT_TEAM = 5NFTMZ8WKL;
				ENABLE_NS_ASSERTIONS = NO;
				ENABLE_STRICT_OBJC_MSGSEND = YES;
				ENABLE_USER_SCRIPT_SANDBOXING = YES;
				GCC_C_LANGUAGE_STANDARD = gnu17;
				GCC_NO_COMMON_BLOCKS = YES;
				GCC_WARN_64_TO_32_BIT_CONVERSION = YES;
				GCC_WARN_ABOUT_RETURN_TYPE = YES_ERROR;
				GCC_WARN_UNDECLARED_SELECTOR = YES;
				GCC_WARN_UNINITIALIZED_AUTOS = YES_AGGRESSIVE;
				GCC_WARN_UNUSED_FUNCTION = YES;
				GCC_WARN_UNUSED_VARIABLE = YES;
				LOCALIZATION_PREFERS_STRING_CATALOGS = YES;
				MTL_ENABLE_DEBUG_INFO = NO;
				MTL_FAST_MATH = YES;
				SWIFT_COMPILATION_MODE = wholemodule;
			};
			name = Release;
		};
		D8B2BD8A2DEAA89000BCDB0E /* Debug */ = {
			isa = XCBuildConfiguration;
			buildSettings = {
				ASSETCATALOG_COMPILER_APPICON_NAME = AppIcon;
				ASSETCATALOG_COMPILER_GLOBAL_ACCENT_COLOR_NAME = AccentColor;
				ASSETCATALOG_COMPILER_INCLUDE_ALL_APPICON_ASSETS = YES;
				CODE_SIGN_ENTITLEMENTS = "48 Continental/_8_Continental.entitlements";
				CODE_SIGN_STYLE = Automatic;
				CURRENT_PROJECT_VERSION = 1;
				DEVELOPMENT_TEAM = 5NFTMZ8WKL;
				ENABLE_HARDENED_RUNTIME = YES;
				ENABLE_PREVIEWS = YES;
				GENERATE_INFOPLIST_FILE = YES;
				INFOPLIST_KEY_LSApplicationCategoryType = "public.app-category.travel";
				"INFOPLIST_KEY_UIApplicationSceneManifest_Generation[sdk=iphoneos*]" = YES;
				"INFOPLIST_KEY_UIApplicationSceneManifest_Generation[sdk=iphonesimulator*]" = YES;
				"INFOPLIST_KEY_UIApplicationSupportsIndirectInputEvents[sdk=iphoneos*]" = YES;
				"INFOPLIST_KEY_UIApplicationSupportsIndirectInputEvents[sdk=iphonesimulator*]" = YES;
				"INFOPLIST_KEY_UILaunchScreen_Generation[sdk=iphoneos*]" = YES;
				"INFOPLIST_KEY_UILaunchScreen_Generation[sdk=iphonesimulator*]" = YES;
				"INFOPLIST_KEY_UIStatusBarStyle[sdk=iphoneos*]" = UIStatusBarStyleDefault;
				"INFOPLIST_KEY_UIStatusBarStyle[sdk=iphonesimulator*]" = UIStatusBarStyleDefault;
				INFOPLIST_KEY_UISupportedInterfaceOrientations_iPad = "UIInterfaceOrientationPortrait UIInterfaceOrientationPortraitUpsideDown UIInterfaceOrientationLandscapeLeft UIInterfaceOrientationLandscapeRight";
				INFOPLIST_KEY_UISupportedInterfaceOrientations_iPhone = "UIInterfaceOrientationPortrait UIInterfaceOrientationLandscapeLeft UIInterfaceOrientationLandscapeRight";
				IPHONEOS_DEPLOYMENT_TARGET = 18.5;
				LD_RUNPATH_SEARCH_PATHS = "@executable_path/Frameworks";
				"LD_RUNPATH_SEARCH_PATHS[sdk=macosx*]" = "@executable_path/../Frameworks";
				MACOSX_DEPLOYMENT_TARGET = 14.0;
				MARKETING_VERSION = 1.0;
				PRODUCT_BUNDLE_IDENTIFIER = "com.josephwhittle.48-Continental.-8-Continental";
				PRODUCT_NAME = "$(TARGET_NAME)";
				REGISTER_APP_GROUPS = YES;
				SDKROOT = auto;
				SUPPORTED_PLATFORMS = "iphoneos iphonesimulator macosx xros xrsimulator";
				SWIFT_EMIT_LOC_STRINGS = YES;
				SWIFT_VERSION = 5.0;
				TARGETED_DEVICE_FAMILY = "1,2,7";
				XROS_DEPLOYMENT_TARGET = 2.5;
			};
			name = Debug;
		};
		D8B2BD8B2DEAA89000BCDB0E /* Release */ = {
			isa = XCBuildConfiguration;
			buildSettings = {
				ASSETCATALOG_COMPILER_APPICON_NAME = AppIcon;
				ASSETCATALOG_COMPILER_GLOBAL_ACCENT_COLOR_NAME = AccentColor;
				ASSETCATALOG_COMPILER_INCLUDE_ALL_APPICON_ASSETS = YES;
				CODE_SIGN_ENTITLEMENTS = "48 Continental/_8_Continental.entitlements";
				CODE_SIGN_STYLE = Automatic;
				CURRENT_PROJECT_VERSION = 1;
				DEVELOPMENT_TEAM = 5NFTMZ8WKL;
				ENABLE_HARDENED_RUNTIME = YES;
				ENABLE_PREVIEWS = YES;
				GENERATE_INFOPLIST_FILE = YES;
				INFOPLIST_KEY_LSApplicationCategoryType = "public.app-category.travel";
				"INFOPLIST_KEY_UIApplicationSceneManifest_Generation[sdk=iphoneos*]" = YES;
				"INFOPLIST_KEY_UIApplicationSceneManifest_Generation[sdk=iphonesimulator*]" = YES;
				"INFOPLIST_KEY_UIApplicationSupportsIndirectInputEvents[sdk=iphoneos*]" = YES;
				"INFOPLIST_KEY_UIApplicationSupportsIndirectInputEvents[sdk=iphonesimulator*]" = YES;
				"INFOPLIST_KEY_UILaunchScreen_Generation[sdk=iphoneos*]" = YES;
				"INFOPLIST_KEY_UILaunchScreen_Generation[sdk=iphonesimulator*]" = YES;
				"INFOPLIST_KEY_UIStatusBarStyle[sdk=iphoneos*]" = UIStatusBarStyleDefault;
				"INFOPLIST_KEY_UIStatusBarStyle[sdk=iphonesimulator*]" = UIStatusBarStyleDefault;
				INFOPLIST_KEY_UISupportedInterfaceOrientations_iPad = "UIInterfaceOrientationPortrait UIInterfaceOrientationPortraitUpsideDown UIInterfaceOrientationLandscapeLeft UIInterfaceOrientationLandscapeRight";
				INFOPLIST_KEY_UISupportedInterfaceOrientations_iPhone = "UIInterfaceOrientationPortrait UIInterfaceOrientationLandscapeLeft UIInterfaceOrientationLandscapeRight";
				IPHONEOS_DEPLOYMENT_TARGET = 18.5;
				LD_RUNPATH_SEARCH_PATHS = "@executable_path/Frameworks";
				"LD_RUNPATH_SEARCH_PATHS[sdk=macosx*]" = "@executable_path/../Frameworks";
				MACOSX_DEPLOYMENT_TARGET = 14.0;
				MARKETING_VERSION = 1.0;
				PRODUCT_BUNDLE_IDENTIFIER = "com.josephwhittle.48-Continental.-8-Continental";
				PRODUCT_NAME = "$(TARGET_NAME)";
				REGISTER_APP_GROUPS = YES;
				SDKROOT = auto;
				SUPPORTED_PLATFORMS = "iphoneos iphonesimulator macosx xros xrsimulator";
				SWIFT_EMIT_LOC_STRINGS = YES;
				SWIFT_VERSION = 5.0;
				TARGETED_DEVICE_FAMILY = "1,2,7";
				XROS_DEPLOYMENT_TARGET = 2.5;
			};
			name = Release;
		};
		D8B2BD8D2DEAA89000BCDB0E /* Debug */ = {
			isa = XCBuildConfiguration;
			buildSettings = {
				BUNDLE_LOADER = "$(TEST_HOST)";
				CODE_SIGN_STYLE = Automatic;
				CURRENT_PROJECT_VERSION = 1;
				DEVELOPMENT_TEAM = 5NFTMZ8WKL;
				GENERATE_INFOPLIST_FILE = YES;
				IPHONEOS_DEPLOYMENT_TARGET = 18.5;
				MACOSX_DEPLOYMENT_TARGET = 15.5;
				MARKETING_VERSION = 1.0;
				PRODUCT_BUNDLE_IDENTIFIER = "com.josephwhittle.48-Continental.-8-ContinentalTests";
				PRODUCT_NAME = "$(TARGET_NAME)";
				SDKROOT = auto;
				SUPPORTED_PLATFORMS = "iphoneos iphonesimulator macosx xros xrsimulator";
				SWIFT_EMIT_LOC_STRINGS = NO;
				SWIFT_VERSION = 5.0;
				TARGETED_DEVICE_FAMILY = "1,2,7";
				TEST_HOST = "$(BUILT_PRODUCTS_DIR)/48 Continental.app/$(BUNDLE_EXECUTABLE_FOLDER_PATH)/48 Continental";
				XROS_DEPLOYMENT_TARGET = 2.5;
			};
			name = Debug;
		};
		D8B2BD8E2DEAA89000BCDB0E /* Release */ = {
			isa = XCBuildConfiguration;
			buildSettings = {
				BUNDLE_LOADER = "$(TEST_HOST)";
				CODE_SIGN_STYLE = Automatic;
				CURRENT_PROJECT_VERSION = 1;
				DEVELOPMENT_TEAM = 5NFTMZ8WKL;
				GENERATE_INFOPLIST_FILE = YES;
				IPHONEOS_DEPLOYMENT_TARGET = 18.5;
				MACOSX_DEPLOYMENT_TARGET = 15.5;
				MARKETING_VERSION = 1.0;
				PRODUCT_BUNDLE_IDENTIFIER = "com.josephwhittle.48-Continental.-8-ContinentalTests";
				PRODUCT_NAME = "$(TARGET_NAME)";
				SDKROOT = auto;
				SUPPORTED_PLATFORMS = "iphoneos iphonesimulator macosx xros xrsimulator";
				SWIFT_EMIT_LOC_STRINGS = NO;
				SWIFT_VERSION = 5.0;
				TARGETED_DEVICE_FAMILY = "1,2,7";
				TEST_HOST = "$(BUILT_PRODUCTS_DIR)/48 Continental.app/$(BUNDLE_EXECUTABLE_FOLDER_PATH)/48 Continental";
				XROS_DEPLOYMENT_TARGET = 2.5;
			};
			name = Release;
		};
		D8B2BD902DEAA89000BCDB0E /* Debug */ = {
			isa = XCBuildConfiguration;
			buildSettings = {
				CODE_SIGN_STYLE = Automatic;
				CURRENT_PROJECT_VERSION = 1;
				DEVELOPMENT_TEAM = 5NFTMZ8WKL;
				GENERATE_INFOPLIST_FILE = YES;
				IPHONEOS_DEPLOYMENT_TARGET = 18.5;
				MACOSX_DEPLOYMENT_TARGET = 15.5;
				MARKETING_VERSION = 1.0;
				PRODUCT_BUNDLE_IDENTIFIER = "com.josephwhittle.48-Continental.-8-ContinentalUITests";
				PRODUCT_NAME = "$(TARGET_NAME)";
				SDKROOT = auto;
				SUPPORTED_PLATFORMS = "iphoneos iphonesimulator macosx xros xrsimulator";
				SWIFT_EMIT_LOC_STRINGS = NO;
				SWIFT_VERSION = 5.0;
				TARGETED_DEVICE_FAMILY = "1,2,7";
				TEST_TARGET_NAME = "48 Continental";
				XROS_DEPLOYMENT_TARGET = 2.5;
			};
			name = Debug;
		};
		D8B2BD912DEAA89000BCDB0E /* Release */ = {
			isa = XCBuildConfiguration;
			buildSettings = {
				CODE_SIGN_STYLE = Automatic;
				CURRENT_PROJECT_VERSION = 1;
				DEVELOPMENT_TEAM = 5NFTMZ8WKL;
				GENERATE_INFOPLIST_FILE = YES;
				IPHONEOS_DEPLOYMENT_TARGET = 18.5;
				MACOSX_DEPLOYMENT_TARGET = 15.5;
				MARKETING_VERSION = 1.0;
				PRODUCT_BUNDLE_IDENTIFIER = "com.josephwhittle.48-Continental.-8-ContinentalUITests";
				PRODUCT_NAME = "$(TARGET_NAME)";
				SDKROOT = auto;
				SUPPORTED_PLATFORMS = "iphoneos iphonesimulator macosx xros xrsimulator";
				SWIFT_EMIT_LOC_STRINGS = NO;
				SWIFT_VERSION = 5.0;
				TARGETED_DEVICE_FAMILY = "1,2,7";
				TEST_TARGET_NAME = "48 Continental";
				XROS_DEPLOYMENT_TARGET = 2.5;
			};
			name = Release;
		};
/* End XCBuildConfiguration section */

/* Begin XCConfigurationList section */
		D8B2BD602DEAA88E00BCDB0E /* Build configuration list for PBXProject "48 Continental" */ = {
			isa = XCConfigurationList;
			buildConfigurations = (
				D8B2BD872DEAA89000BCDB0E /* Debug */,
				D8B2BD882DEAA89000BCDB0E /* Release */,
			);
			defaultConfigurationIsVisible = 0;
			defaultConfigurationName = Release;
		};
		D8B2BD892DEAA89000BCDB0E /* Build configuration list for PBXNativeTarget "48 Continental" */ = {
			isa = XCConfigurationList;
			buildConfigurations = (
				D8B2BD8A2DEAA89000BCDB0E /* Debug */,
				D8B2BD8B2DEAA89000BCDB0E /* Release */,
			);
			defaultConfigurationIsVisible = 0;
			defaultConfigurationName = Release;
		};
		D8B2BD8C2DEAA89000BCDB0E /* Build configuration list for PBXNativeTarget "48 ContinentalTests" */ = {
			isa = XCConfigurationList;
			buildConfigurations = (
				D8B2BD8D2DEAA89000BCDB0E /* Debug */,
				D8B2BD8E2DEAA89000BCDB0E /* Release */,
			);
			defaultConfigurationIsVisible = 0;
			defaultConfigurationName = Release;
		};
		D8B2BD8F2DEAA89000BCDB0E /* Build configuration list for PBXNativeTarget "48 ContinentalUITests" */ = {
			isa = XCConfigurationList;
			buildConfigurations = (
				D8B2BD902DEAA89000BCDB0E /* Debug */,
				D8B2BD912DEAA89000BCDB0E /* Release */,
			);
			defaultConfigurationIsVisible = 0;
			defaultConfigurationName = Release;
		};
/* End XCConfigurationList section */

/* Begin XCLocalSwiftPackageReference section */
		D8328A7E2DEAABBC00C9B2F0 /* XCLocalSwiftPackageReference "../ios-client" */ = {
			isa = XCLocalSwiftPackageReference;
			relativePath = "../ios-client";
		};
/* End XCLocalSwiftPackageReference section */

/* Begin XCSwiftPackageProductDependency section */
		D8328A7F2DEAABBC00C9B2F0 /* MCPClient */ = {
			isa = XCSwiftPackageProductDependency;
			productName = MCPClient;
		};
/* End XCSwiftPackageProductDependency section */
	};
	rootObject = D8B2BD5D2DEAA88E00BCDB0E /* Project object */;
}
